
Microsoft Visual Studio Solution File, Format Version 12.00
# Visual Studio Version 17
VisualStudioVersion = 17.7.34202.233
MinimumVisualStudioVersion = 10.0.40219.1
Project("{8BC9CEB8-8B4A-11D0-8D11-00A0C91BC942}") = "TutorialReposit", "TutorialReposit\TutorialReposit.vcxproj", "{286F3BA7-7A7B-47AC-81AD-C1E552179B4F}"
EndProject
Global
	GlobalSection(SolutionConfigurationPlatforms) = preSolution
		Debug|x64 = Debug|x64
		Debug|x86 = Debug|x86
		Release|x64 = Release|x64
		Release|x86 = Release|x86
	EndGlobalSection
	GlobalSection(ProjectConfigurationPlatforms) = postSolution
		{286F3BA7-7A7B-47AC-81AD-C1E552179B4F}.Debug|x64.ActiveCfg = Debug|x64
		{286F3BA7-7A7B-47AC-81AD-C1E552179B4F}.Debug|x64.Build.0 = Debug|x64
		{286F3BA7-7A7B-47AC-81AD-C1E552179B4F}.Debug|x86.ActiveCfg = Debug|Win32
		{286F3BA7-7A7B-47AC-81AD-C1E552179B4F}.Debug|x86.Build.0 = Debug|Win32
		{286F3BA7-7A7B-47AC-81AD-C1E552179B4F}.Release|x64.ActiveCfg = Release|x64
		{286F3BA7-7A7B-47AC-81AD-C1E552179B4F}.Release|x64.Build.0 = Release|x64
		{286F3BA7-7A7B-47AC-81AD-C1E552179B4F}.Release|x86.ActiveCfg = Release|Win32
		{286F3BA7-7A7B-47AC-81AD-C1E552179B4F}.Release|x86.Build.0 = Release|Win32
	EndGlobalSection
	GlobalSection(SolutionProperties) = preSolution
		HideSolutionNode = FALSE
	EndGlobalSection
	GlobalSection(ExtensibilityGlobals) = postSolution
		SolutionGuid = {6A945C59-0337-4D62-B7A2-E05931A1AF00}
	EndGlobalSection
EndGlobal
